// !$*UTF8*$!
{
	archiveVersion = 1;
	classes = {
	};
	objectVersion = 50;
	objects = {

/* Begin PBXBuildFile section */
		08CC21C02109D04600B64149 /* GitHubClientError.swift in Sources */ = {isa = PBXBuildFile; fileRef = 08CC21BF2109D04600B64149 /* GitHubClientError.swift */; };
		08CC21C22109D09200B64149 /* GitHubAPIError.swift in Sources */ = {isa = PBXBuildFile; fileRef = 08CC21C12109D09200B64149 /* GitHubAPIError.swift */; };
		19B1F31520E9C1E300FF4DFA /* main.swift in Sources */ = {isa = PBXBuildFile; fileRef = 19B1F31420E9C1E300FF4DFA /* main.swift */; };
		19B1F31C20E9C62A00FF4DFA /* User.swift in Sources */ = {isa = PBXBuildFile; fileRef = 19B1F31B20E9C62A00FF4DFA /* User.swift */; };
		19B1F31F20E9C7D100FF4DFA /* Repository.swift in Sources */ = {isa = PBXBuildFile; fileRef = 19B1F31E20E9C7D100FF4DFA /* Repository.swift */; };
		19B1F32120E9FD9200FF4DFA /* SearchResponse.swift in Sources */ = {isa = PBXBuildFile; fileRef = 19B1F32020E9FD9200FF4DFA /* SearchResponse.swift */; };
		19B1F32420E9FFE900FF4DFA /* GitHubRequest.swift in Sources */ = {isa = PBXBuildFile; fileRef = 19B1F32320E9FFE900FF4DFA /* GitHubRequest.swift */; };
		19B1F32620EA02FE00FF4DFA /* HTTPMethod.swift in Sources */ = {isa = PBXBuildFile; fileRef = 19B1F32520EA02FE00FF4DFA /* HTTPMethod.swift */; };
		19B1F32820EA0A7F00FF4DFA /* GitHubAPI.swift in Sources */ = {isa = PBXBuildFile; fileRef = 19B1F32720EA0A7F00FF4DFA /* GitHubAPI.swift */; };
/* End PBXBuildFile section */

/* Begin PBXCopyFilesBuildPhase section */
		19B1F30F20E9C1E300FF4DFA /* CopyFiles */ = {
			isa = PBXCopyFilesBuildPhase;
			buildActionMask = 2147483647;
			dstPath = /usr/share/man/man1/;
			dstSubfolderSpec = 0;
			files = (
			);
			runOnlyForDeploymentPostprocessing = 1;
		};
/* End PBXCopyFilesBuildPhase section */

/* Begin PBXFileReference section */
		08CC21BF2109D04600B64149 /* GitHubClientError.swift */ = {isa = PBXFileReference; lastKnownFileType = sourcecode.swift; path = GitHubClientError.swift; sourceTree = "<group>"; };
		08CC21C12109D09200B64149 /* GitHubAPIError.swift */ = {isa = PBXFileReference; lastKnownFileType = sourcecode.swift; path = GitHubAPIError.swift; sourceTree = "<group>"; };
		19B1F31120E9C1E300FF4DFA /* GitHubSearch */ = {isa = PBXFileReference; explicitFileType = "compiled.mach-o.executable"; includeInIndex = 0; path = GitHubSearch; sourceTree = BUILT_PRODUCTS_DIR; };
		19B1F31420E9C1E300FF4DFA /* main.swift */ = {isa = PBXFileReference; lastKnownFileType = sourcecode.swift; path = main.swift; sourceTree = "<group>"; };
		19B1F31B20E9C62A00FF4DFA /* User.swift */ = {isa = PBXFileReference; lastKnownFileType = sourcecode.swift; path = User.swift; sourceTree = "<group>"; };
		19B1F31E20E9C7D100FF4DFA /* Repository.swift */ = {isa = PBXFileReference; lastKnownFileType = sourcecode.swift; path = Repository.swift; sourceTree = "<group>"; };
		19B1F32020E9FD9200FF4DFA /* SearchResponse.swift */ = {isa = PBXFileReference; lastKnownFileType = sourcecode.swift; path = SearchResponse.swift; sourceTree = "<group>"; };
		19B1F32320E9FFE900FF4DFA /* GitHubRequest.swift */ = {isa = PBXFileReference; lastKnownFileType = sourcecode.swift; path = GitHubRequest.swift; sourceTree = "<group>"; };
		19B1F32520EA02FE00FF4DFA /* HTTPMethod.swift */ = {isa = PBXFileReference; lastKnownFileType = sourcecode.swift; path = HTTPMethod.swift; sourceTree = "<group>"; };
		19B1F32720EA0A7F00FF4DFA /* GitHubAPI.swift */ = {isa = PBXFileReference; lastKnownFileType = sourcecode.swift; path = GitHubAPI.swift; sourceTree = "<group>"; };
/* End PBXFileReference section */

/* Begin PBXFrameworksBuildPhase section */
		19B1F30E20E9C1E300FF4DFA /* Frameworks */ = {
			isa = PBXFrameworksBuildPhase;
			buildActionMask = 2147483647;
			files = (
			);
			runOnlyForDeploymentPostprocessing = 0;
		};
/* End PBXFrameworksBuildPhase section */

/* Begin PBXGroup section */
		08CC21BE2109D00300B64149 /* Error */ = {
			isa = PBXGroup;
			children = (
				08CC21BF2109D04600B64149 /* GitHubClientError.swift */,
				08CC21C12109D09200B64149 /* GitHubAPIError.swift */,
			);
			path = Error;
			sourceTree = "<group>";
		};
		19B1F30820E9C1E300FF4DFA = {
			isa = PBXGroup;
			children = (
				19B1F31320E9C1E300FF4DFA /* GitHubSearch */,
				19B1F31220E9C1E300FF4DFA /* Products */,
			);
			sourceTree = "<group>";
		};
		19B1F31220E9C1E300FF4DFA /* Products */ = {
			isa = PBXGroup;
			children = (
				19B1F31120E9C1E300FF4DFA /* GitHubSearch */,
			);
			name = Products;
			sourceTree = "<group>";
		};
		19B1F31320E9C1E300FF4DFA /* GitHubSearch */ = {
			isa = PBXGroup;
			children = (
				19B1F32220E9FFC300FF4DFA /* Request */,
				19B1F31D20E9C63400FF4DFA /* Response */,
				08CC21BE2109D00300B64149 /* Error */,
				19B1F31420E9C1E300FF4DFA /* main.swift */,
			);
			path = GitHubSearch;
			sourceTree = "<group>";
		};
		19B1F31D20E9C63400FF4DFA /* Response */ = {
			isa = PBXGroup;
			children = (
				19B1F31B20E9C62A00FF4DFA /* User.swift */,
				19B1F31E20E9C7D100FF4DFA /* Repository.swift */,
				19B1F32020E9FD9200FF4DFA /* SearchResponse.swift */,
			);
			path = Response;
			sourceTree = "<group>";
		};
		19B1F32220E9FFC300FF4DFA /* Request */ = {
			isa = PBXGroup;
			children = (
				19B1F32320E9FFE900FF4DFA /* GitHubRequest.swift */,
				19B1F32520EA02FE00FF4DFA /* HTTPMethod.swift */,
				19B1F32720EA0A7F00FF4DFA /* GitHubAPI.swift */,
			);
			path = Request;
			sourceTree = "<group>";
		};
/* End PBXGroup section */

/* Begin PBXNativeTarget section */
		19B1F31020E9C1E300FF4DFA /* GitHubSearch */ = {
			isa = PBXNativeTarget;
			buildConfigurationList = 19B1F31820E9C1E300FF4DFA /* Build configuration list for PBXNativeTarget "GitHubSearch" */;
			buildPhases = (
				19B1F30D20E9C1E300FF4DFA /* Sources */,
				19B1F30E20E9C1E300FF4DFA /* Frameworks */,
				19B1F30F20E9C1E300FF4DFA /* CopyFiles */,
			);
			buildRules = (
			);
			dependencies = (
			);
			name = GitHubSearch;
			productName = GitHubSearch;
			productReference = 19B1F31120E9C1E300FF4DFA /* GitHubSearch */;
			productType = "com.apple.product-type.tool";
		};
/* End PBXNativeTarget section */

/* Begin PBXProject section */
		19B1F30920E9C1E300FF4DFA /* Project object */ = {
			isa = PBXProject;
			attributes = {
				LastSwiftUpdateCheck = 0940;
				LastUpgradeCheck = 0940;
				ORGANIZATIONNAME = "福田走";
				TargetAttributes = {
					19B1F31020E9C1E300FF4DFA = {
						CreatedOnToolsVersion = 9.4.1;
					};
				};
			};
			buildConfigurationList = 19B1F30C20E9C1E300FF4DFA /* Build configuration list for PBXProject "GitHubSearch" */;
			compatibilityVersion = "Xcode 9.3";
			developmentRegion = en;
			hasScannedForEncodings = 0;
			knownRegions = (
				en,
			);
			mainGroup = 19B1F30820E9C1E300FF4DFA;
			productRefGroup = 19B1F31220E9C1E300FF4DFA /* Products */;
			projectDirPath = "";
			projectRoot = "";
			targets = (
				19B1F31020E9C1E300FF4DFA /* GitHubSearch */,
			);
		};
/* End PBXProject section */

/* Begin PBXSourcesBuildPhase section */
		19B1F30D20E9C1E300FF4DFA /* Sources */ = {
			isa = PBXSourcesBuildPhase;
			buildActionMask = 2147483647;
			files = (
				19B1F32420E9FFE900FF4DFA /* GitHubRequest.swift in Sources */,
				19B1F32120E9FD9200FF4DFA /* SearchResponse.swift in Sources */,
				19B1F32620EA02FE00FF4DFA /* HTTPMethod.swift in Sources */,
				19B1F31C20E9C62A00FF4DFA /* User.swift in Sources */,
				19B1F31520E9C1E300FF4DFA /* main.swift in Sources */,
				19B1F32820EA0A7F00FF4DFA /* GitHubAPI.swift in Sources */,
				08CC21C02109D04600B64149 /* GitHubClientError.swift in Sources */,
				08CC21C22109D09200B64149 /* GitHubAPIError.swift in Sources */,
				19B1F31F20E9C7D100FF4DFA /* Repository.swift in Sources */,
			);
			runOnlyForDeploymentPostprocessing = 0;
		};
/* End PBXSourcesBuildPhase section */

/* Begin XCBuildConfiguration section */
		19B1F31620E9C1E300FF4DFA /* Debug */ = {
			isa = XCBuildConfiguration;
			buildSettings = {
				ALWAYS_SEARCH_USER_PATHS = NO;
				CLANG_ANALYZER_NONNULL = YES;
				CLANG_ANALYZER_NUMBER_OBJECT_CONVERSION = YES_AGGRESSIVE;
				CLANG_CXX_LANGUAGE_STANDARD = "gnu++14";
				CLANG_CXX_LIBRARY = "libc++";
				CLANG_ENABLE_MODULES = YES;
				CLANG_ENABLE_OBJC_ARC = YES;
				CLANG_ENABLE_OBJC_WEAK = YES;
				CLANG_WARN_BLOCK_CAPTURE_AUTORELEASING = YES;
				CLANG_WARN_BOOL_CONVERSION = YES;
				CLANG_WARN_COMMA = YES;
				CLANG_WARN_CONSTANT_CONVERSION = YES;
				CLANG_WARN_DEPRECATED_OBJC_IMPLEMENTATIONS = YES;
				CLANG_WARN_DIRECT_OBJC_ISA_USAGE = YES_ERROR;
				CLANG_WARN_DOCUMENTATION_COMMENTS = YES;
				CLANG_WARN_EMPTY_BODY = YES;
				CLANG_WARN_ENUM_CONVERSION = YES;
				CLANG_WARN_INFINITE_RECURSION = YES;
				CLANG_WARN_INT_CONVERSION = YES;
				CLANG_WARN_NON_LITERAL_NULL_CONVERSION = YES;
				CLANG_WARN_OBJC_IMPLICIT_RETAIN_SELF = YES;
				CLANG_WARN_OBJC_LITERAL_CONVERSION = YES;
				CLANG_WARN_OBJC_ROOT_CLASS = YES_ERROR;
				CLANG_WARN_RANGE_LOOP_ANALYSIS = YES;
				CLANG_WARN_STRICT_PROTOTYPES = YES;
				CLANG_WARN_SUSPICIOUS_MOVE = YES;
				CLANG_WARN_UNGUARDED_AVAILABILITY = YES_AGGRESSIVE;
				CLANG_WARN_UNREACHABLE_CODE = YES;
				CLANG_WARN__DUPLICATE_METHOD_MATCH = YES;
				CODE_SIGN_IDENTITY = "Mac Developer";
				COPY_PHASE_STRIP = NO;
				DEBUG_INFORMATION_FORMAT = dwarf;
				ENABLE_STRICT_OBJC_MSGSEND = YES;
				ENABLE_TESTABILITY = YES;
				GCC_C_LANGUAGE_STANDARD = gnu11;
				GCC_DYNAMIC_NO_PIC = NO;
				GCC_NO_COMMON_BLOCKS = YES;
				GCC_OPTIMIZATION_LEVEL = 0;
				GCC_PREPROCESSOR_DEFINITIONS = (
					"DEBUG=1",
					"$(inherited)",
				);
				GCC_WARN_64_TO_32_BIT_CONVERSION = YES;
				GCC_WARN_ABOUT_RETURN_TYPE = YES_ERROR;
				GCC_WARN_UNDECLARED_SELECTOR = YES;
				GCC_WARN_UNINITIALIZED_AUTOS = YES_AGGRESSIVE;
				GCC_WARN_UNUSED_FUNCTION = YES;
				GCC_WARN_UNUSED_VARIABLE = YES;
				MACOSX_DEPLOYMENT_TARGET = 10.13;
				MTL_ENABLE_DEBUG_INFO = YES;
				ONLY_ACTIVE_ARCH = YES;
				SDKROOT = macosx;
				SWIFT_ACTIVE_COMPILATION_CONDITIONS = DEBUG;
				SWIFT_OPTIMIZATION_LEVEL = "-Onone";
			};
			name = Debug;
		};
		19B1F31720E9C1E300FF4DFA /* Release */ = {
			isa = XCBuildConfiguration;
			buildSettings = {
				ALWAYS_SEARCH_USER_PATHS = NO;
				CLANG_ANALYZER_NONNULL = YES;
				CLANG_ANALYZER_NUMBER_OBJECT_CONVERSION = YES_AGGRESSIVE;
				CLANG_CXX_LANGUAGE_STANDARD = "gnu++14";
				CLANG_CXX_LIBRARY = "libc++";
				CLANG_ENABLE_MODULES = YES;
				CLANG_ENABLE_OBJC_ARC = YES;
				CLANG_ENABLE_OBJC_WEAK = YES;
				CLANG_WARN_BLOCK_CAPTURE_AUTORELEASING = YES;
				CLANG_WARN_BOOL_CONVERSION = YES;
				CLANG_WARN_COMMA = YES;
				CLANG_WARN_CONSTANT_CONVERSION = YES;
				CLANG_WARN_DEPRECATED_OBJC_IMPLEMENTATIONS = YES;
				CLANG_WARN_DIRECT_OBJC_ISA_USAGE = YES_ERROR;
				CLANG_WARN_DOCUMENTATION_COMMENTS = YES;
				CLANG_WARN_EMPTY_BODY = YES;
				CLANG_WARN_ENUM_CONVERSION = YES;
				CLANG_WARN_INFINITE_RECURSION = YES;
				CLANG_WARN_INT_CONVERSION = YES;
				CLANG_WARN_NON_LITERAL_NULL_CONVERSION = YES;
				CLANG_WARN_OBJC_IMPLICIT_RETAIN_SELF = YES;
				CLANG_WARN_OBJC_LITERAL_CONVERSION = YES;
				CLANG_WARN_OBJC_ROOT_CLASS = YES_ERROR;
				CLANG_WARN_RANGE_LOOP_ANALYSIS = YES;
				CLANG_WARN_STRICT_PROTOTYPES = YES;
				CLANG_WARN_SUSPICIOUS_MOVE = YES;
				CLANG_WARN_UNGUARDED_AVAILABILITY = YES_AGGRESSIVE;
				CLANG_WARN_UNREACHABLE_CODE = YES;
				CLANG_WARN__DUPLICATE_METHOD_MATCH = YES;
				CODE_SIGN_IDENTITY = "Mac Developer";
				COPY_PHASE_STRIP = NO;
				DEBUG_INFORMATION_FORMAT = "dwarf-with-dsym";
				ENABLE_NS_ASSERTIONS = NO;
				ENABLE_STRICT_OBJC_MSGSEND = YES;
				GCC_C_LANGUAGE_STANDARD = gnu11;
				GCC_NO_COMMON_BLOCKS = YES;
				GCC_WARN_64_TO_32_BIT_CONVERSION = YES;
				GCC_WARN_ABOUT_RETURN_TYPE = YES_ERROR;
				GCC_WARN_UNDECLARED_SELECTOR = YES;
				GCC_WARN_UNINITIALIZED_AUTOS = YES_AGGRESSIVE;
				GCC_WARN_UNUSED_FUNCTION = YES;
				GCC_WARN_UNUSED_VARIABLE = YES;
				MACOSX_DEPLOYMENT_TARGET = 10.13;
				MTL_ENABLE_DEBUG_INFO = NO;
				SDKROOT = macosx;
				SWIFT_COMPILATION_MODE = wholemodule;
				SWIFT_OPTIMIZATION_LEVEL = "-O";
			};
			name = Release;
		};
		19B1F31920E9C1E300FF4DFA /* Debug */ = {
			isa = XCBuildConfiguration;
			buildSettings = {
				CODE_SIGN_STYLE = Automatic;
				DEVELOPMENT_TEAM = S8M9V325CJ;
				PRODUCT_NAME = "$(TARGET_NAME)";
				SWIFT_VERSION = 4.0;
			};
			name = Debug;
		};
		19B1F31A20E9C1E300FF4DFA /* Release */ = {
			isa = XCBuildConfiguration;
			buildSettings = {
				CODE_SIGN_STYLE = Automatic;
				DEVELOPMENT_TEAM = S8M9V325CJ;
				PRODUCT_NAME = "$(TARGET_NAME)";
				SWIFT_VERSION = 4.0;
			};
			name = Release;
		};
/* End XCBuildConfiguration section */

/* Begin XCConfigurationList section */
		19B1F30C20E9C1E300FF4DFA /* Build configuration list for PBXProject "GitHubSearch" */ = {
			isa = XCConfigurationList;
			buildConfigurations = (
				19B1F31620E9C1E300FF4DFA /* Debug */,
				19B1F31720E9C1E300FF4DFA /* Release */,
			);
			defaultConfigurationIsVisible = 0;
			defaultConfigurationName = Release;
		};
		19B1F31820E9C1E300FF4DFA /* Build configuration list for PBXNativeTarget "GitHubSearch" */ = {
			isa = XCConfigurationList;
			buildConfigurations = (
				19B1F31920E9C1E300FF4DFA /* Debug */,
				19B1F31A20E9C1E300FF4DFA /* Release */,
			);
			defaultConfigurationIsVisible = 0;
			defaultConfigurationName = Release;
		};
/* End XCConfigurationList section */
	};
	rootObject = 19B1F30920E9C1E300FF4DFA /* Project object */;
}
